
Microsoft Visual Studio Solution File, Format Version 12.00
# Visual Studio Version 17
VisualStudioVersion = 17.3.32929.385
MinimumVisualStudioVersion = 10.0.40219.1
Project("{FAE04EC0-301F-11D3-BF4B-00C04F79EFBC}") = "ReactProjectApi", "ReactProjectApi.csproj", "{23F87B96-56B8-4E4F-B5DB-AE21E8084753}"
EndProject
Global
	GlobalSection(SolutionConfigurationPlatforms) = preSolution
		Debug|Any CPU = Debug|Any CPU
		Release|Any CPU = Release|Any CPU
	EndGlobalSection
	GlobalSection(ProjectConfigurationPlatforms) = postSolution
		{23F87B96-56B8-4E4F-B5DB-AE21E8084753}.Debug|Any CPU.ActiveCfg = Debug|Any CPU
		{23F87B96-56B8-4E4F-B5DB-AE21E8084753}.Debug|Any CPU.Build.0 = Debug|Any CPU
		{23F87B96-56B8-4E4F-B5DB-AE21E8084753}.Release|Any CPU.ActiveCfg = Release|Any CPU
		{23F87B96-56B8-4E4F-B5DB-AE21E8084753}.Release|Any CPU.Build.0 = Release|Any CPU
	EndGlobalSection
	GlobalSection(SolutionProperties) = preSolution
		HideSolutionNode = FALSE
	EndGlobalSection
	GlobalSection(ExtensibilityGlobals) = postSolution
		SolutionGuid = {4AFFA099-DDB1-46AA-88A1-6A8D2011BF14}
	EndGlobalSection
EndGlobal
